Microsoft Visual Studio Solution File, Format Version 12.00
# Visual Studio Version 17
VisualStudioVersion = 17.5.2.0
MinimumVisualStudioVersion = 10.0.40219.1
Project("{FAE04EC0-301F-11D3-BF4B-00C04F79EFBC}") = "Tienda", "Tienda\Tienda.csproj", "{2F0A9C73-F81D-F13A-1C44-BDE6AC22D419}"
EndProject
Project("{FAE04EC0-301F-11D3-BF4B-00C04F79EFBC}") = "Tienda.test", "Tienda.test\Tienda.test.csproj", "{CF6EFA76-C4D5-683B-B67D-A889F6FCC868}"
EndProject
Global
	GlobalSection(SolutionConfigurationPlatforms) = preSolution
		Debug|Any CPU = Debug|Any CPU
		Release|Any CPU = Release|Any CPU
	EndGlobalSection
	GlobalSection(ProjectConfigurationPlatforms) = postSolution
		{2F0A9C73-F81D-F13A-1C44-BDE6AC22D419}.Debug|Any CPU.ActiveCfg = Debug|Any CPU
		{2F0A9C73-F81D-F13A-1C44-BDE6AC22D419}.Debug|Any CPU.Build.0 = Debug|Any CPU
		{2F0A9C73-F81D-F13A-1C44-BDE6AC22D419}.Release|Any CPU.ActiveCfg = Release|Any CPU
		{2F0A9C73-F81D-F13A-1C44-BDE6AC22D419}.Release|Any CPU.Build.0 = Release|Any CPU
		{CF6EFA76-C4D5-683B-B67D-A889F6FCC868}.Debug|Any CPU.ActiveCfg = Debug|Any CPU
		{CF6EFA76-C4D5-683B-B67D-A889F6FCC868}.Debug|Any CPU.Build.0 = Debug|Any CPU
		{CF6EFA76-C4D5-683B-B67D-A889F6FCC868}.Release|Any CPU.ActiveCfg = Release|Any CPU
		{CF6EFA76-C4D5-683B-B67D-A889F6FCC868}.Release|Any CPU.Build.0 = Release|Any CPU
	EndGlobalSection
	GlobalSection(SolutionProperties) = preSolution
		HideSolutionNode = FALSE
	EndGlobalSection
	GlobalSection(ExtensibilityGlobals) = postSolution
		SolutionGuid = {4856CA95-BE4C-47B8-BE11-3A70CB728FB7}
	EndGlobalSection
EndGlobal
